
Microsoft Visual Studio Solution File, Format Version 12.00
# Visual Studio Version 16
VisualStudioVersion = 16.0.31229.75
MinimumVisualStudioVersion = 10.0.40219.1
Project("{FAE04EC0-301F-11D3-BF4B-00C04F79EFBC}") = "INL.Retro.Ui.Console", "INL.Retro.Ui.Console\INL.Retro.Ui.Console.csproj", "{82A4B462-52A6-4CC1-A3C6-9D0AD3C15240}"
EndProject
Project("{FAE04EC0-301F-11D3-BF4B-00C04F79EFBC}") = "INL.Retro.Ui", "INL.Retro.Ui\INL.Retro.Ui.csproj", "{0E1F080F-DEFD-4595-9D66-8DBC44961741}"
EndProject
Global
	GlobalSection(SolutionConfigurationPlatforms) = preSolution
		Debug|x86 = Debug|x86
		Release|x86 = Release|x86
	EndGlobalSection
	GlobalSection(ProjectConfigurationPlatforms) = postSolution
		{82A4B462-52A6-4CC1-A3C6-9D0AD3C15240}.Debug|x86.ActiveCfg = Debug|x86
		{82A4B462-52A6-4CC1-A3C6-9D0AD3C15240}.Debug|x86.Build.0 = Debug|x86
		{82A4B462-52A6-4CC1-A3C6-9D0AD3C15240}.Release|x86.ActiveCfg = Release|x86
		{82A4B462-52A6-4CC1-A3C6-9D0AD3C15240}.Release|x86.Build.0 = Release|x86
		{0E1F080F-DEFD-4595-9D66-8DBC44961741}.Debug|x86.ActiveCfg = Debug|x86
		{0E1F080F-DEFD-4595-9D66-8DBC44961741}.Debug|x86.Build.0 = Debug|x86
		{0E1F080F-DEFD-4595-9D66-8DBC44961741}.Release|x86.ActiveCfg = Release|x86
		{0E1F080F-DEFD-4595-9D66-8DBC44961741}.Release|x86.Build.0 = Release|x86
	EndGlobalSection
	GlobalSection(SolutionProperties) = preSolution
		HideSolutionNode = FALSE
	EndGlobalSection
	GlobalSection(ExtensibilityGlobals) = postSolution
		SolutionGuid = {DD708F47-0A17-4066-9F2F-7330F23D6745}
	EndGlobalSection
EndGlobal
